
Microsoft Visual Studio Solution File, Format Version 12.00
# Visual Studio 15
VisualStudioVersion = 15.0.28307.421
MinimumVisualStudioVersion = 10.0.40219.1
Project("{8BC9CEB8-8B4A-11D0-8D11-00A0C91BC942}") = "Project3", "Project3\Project3.vcxproj", "{D4DB8FEC-967A-4F79-AEF0-CCA2C9368838}"
EndProject
Project("{8BC9CEB8-8B4A-11D0-8D11-00A0C91BC942}") = "MakeMap", "MakeMap\MakeMap.vcxproj", "{652161FC-5D41-4CF7-847C-0F7AB904235D}"
EndProject
Global
	GlobalSection(SolutionConfigurationPlatforms) = preSolution
		Debug|x64 = Debug|x64
		Debug|x86 = Debug|x86
		Release|x64 = Release|x64
		Release|x86 = Release|x86
	EndGlobalSection
	GlobalSection(ProjectConfigurationPlatforms) = postSolution
		{D4DB8FEC-967A-4F79-AEF0-CCA2C9368838}.Debug|x64.ActiveCfg = Debug|x64
		{D4DB8FEC-967A-4F79-AEF0-CCA2C9368838}.Debug|x64.Build.0 = Debug|x64
		{D4DB8FEC-967A-4F79-AEF0-CCA2C9368838}.Debug|x86.ActiveCfg = Debug|Win32
		{D4DB8FEC-967A-4F79-AEF0-CCA2C9368838}.Debug|x86.Build.0 = Debug|Win32
		{D4DB8FEC-967A-4F79-AEF0-CCA2C9368838}.Release|x64.ActiveCfg = Release|x64
		{D4DB8FEC-967A-4F79-AEF0-CCA2C9368838}.Release|x64.Build.0 = Release|x64
		{D4DB8FEC-967A-4F79-AEF0-CCA2C9368838}.Release|x86.ActiveCfg = Release|Win32
		{D4DB8FEC-967A-4F79-AEF0-CCA2C9368838}.Release|x86.Build.0 = Release|Win32
		{652161FC-5D41-4CF7-847C-0F7AB904235D}.Debug|x64.ActiveCfg = Debug|x64
		{652161FC-5D41-4CF7-847C-0F7AB904235D}.Debug|x64.Build.0 = Debug|x64
		{652161FC-5D41-4CF7-847C-0F7AB904235D}.Debug|x86.ActiveCfg = Debug|Win32
		{652161FC-5D41-4CF7-847C-0F7AB904235D}.Debug|x86.Build.0 = Debug|Win32
		{652161FC-5D41-4CF7-847C-0F7AB904235D}.Release|x64.ActiveCfg = Release|x64
		{652161FC-5D41-4CF7-847C-0F7AB904235D}.Release|x64.Build.0 = Release|x64
		{652161FC-5D41-4CF7-847C-0F7AB904235D}.Release|x86.ActiveCfg = Release|Win32
		{652161FC-5D41-4CF7-847C-0F7AB904235D}.Release|x86.Build.0 = Release|Win32
	EndGlobalSection
	GlobalSection(SolutionProperties) = preSolution
		HideSolutionNode = FALSE
	EndGlobalSection
	GlobalSection(ExtensibilityGlobals) = postSolution
		SolutionGuid = {35F55E91-8F17-4E9D-A813-75AAA2DE32D2}
	EndGlobalSection
EndGlobal
